
Microsoft Visual Studio Solution File, Format Version 12.00
Project("{2150E333-8FDC-42A3-9474-1A3956D46DE8}") = "BuildingBlocks", "BuildingBlocks", "{90ACAEE7-07D7-4A8F-8AB6-BF140133A483}"
EndProject
Project("{2150E333-8FDC-42A3-9474-1A3956D46DE8}") = "Modules", "Modules", "{86F71CBF-EA7B-4E04-933C-4D8F560CB69C}"
EndProject
Project("{FAE04EC0-301F-11D3-BF4B-00C04F79EFBC}") = "SecretaryTelegramAIBot.Domain", "BuildingBlocks\SecretaryTelegramAIBot.Domain\SecretaryTelegramAIBot.Domain.csproj", "{457B101F-F0C4-40A5-A2A4-F7614C4B910C}"
EndProject
Project("{FAE04EC0-301F-11D3-BF4B-00C04F79EFBC}") = "SecretaryTelegramAIBot.Infrastructure", "BuildingBlocks\SecretaryTelegramAIBot.Infrastructure\SecretaryTelegramAIBot.Infrastructure.csproj", "{5EC72E75-E681-426D-B010-F763DEDED63D}"
EndProject
Project("{FAE04EC0-301F-11D3-BF4B-00C04F79EFBC}") = "SecretaryTelegramAIBot.Application", "BuildingBlocks\SecretaryTelegramAIBot.Application\SecretaryTelegramAIBot.Application.csproj", "{50D89C43-62EC-4079-ACF9-80257F95E6D9}"
EndProject
Project("{2150E333-8FDC-42A3-9474-1A3956D46DE8}") = "Tests", "Tests", "{E6F1641D-4FAA-4BBC-B416-C9155D432E07}"
EndProject
Project("{FAE04EC0-301F-11D3-BF4B-00C04F79EFBC}") = "SecretaryTelegramAIBot.Domain.UnitTests", "Tests\SecretaryTelegramAIBot.Domain.UnitTests\SecretaryTelegramAIBot.Domain.UnitTests.csproj", "{65058A80-925F-430E-A246-46D672401A9A}"
EndProject
Project("{FAE04EC0-301F-11D3-BF4B-00C04F79EFBC}") = "SecretaryTelegramAIBot.ArchTests", "Tests\SecretaryTelegramAIBot.ArchTests\SecretaryTelegramAIBot.ArchTests.csproj", "{F0726D55-4AC9-44EA-9156-D645D541BF8F}"
EndProject
Project("{2150E333-8FDC-42A3-9474-1A3956D46DE8}") = "Hosts", "Hosts", "{C8739ACD-7679-44D9-912B-CCEB6770CBA2}"
EndProject
Project("{FAE04EC0-301F-11D3-BF4B-00C04F79EFBC}") = "SecretaryTelegramAIBot.API", "Hosts\SecretaryTelegramAIBot.API\SecretaryTelegramAIBot.API.csproj", "{7D70E044-BE40-4CA7-95A6-A8B678753342}"
EndProject
Project("{2150E333-8FDC-42A3-9474-1A3956D46DE8}") = "Solution Items", "Solution Items", "{A65BA6F2-E384-4F0C-B6BA-102DF0B43F6C}"
	ProjectSection(SolutionItems) = preProject
		compose.yaml = compose.yaml
	EndProjectSection
EndProject
Project("{2150E333-8FDC-42A3-9474-1A3956D46DE8}") = "TaskManagement", "TaskManagement", "{45B7AE42-C8D5-4D85-9B11-6FAFB8F14542}"
EndProject
Project("{FAE04EC0-301F-11D3-BF4B-00C04F79EFBC}") = "SecretaryTelegramAIBot.Modules.TaskManagement.Application", "Modules\TaskManagement\SecretaryTelegramAIBot.Modules.TaskManagement.Application\SecretaryTelegramAIBot.Modules.TaskManagement.Application.csproj", "{CCA5441D-8CB8-43C1-9176-1F7C910086CD}"
EndProject
Project("{FAE04EC0-301F-11D3-BF4B-00C04F79EFBC}") = "SecretaryTelegramAIBot.Modules.TaskManagement.Domain", "Modules\TaskManagement\SecretaryTelegramAIBot.Modules.TaskManagement.Domain\SecretaryTelegramAIBot.Modules.TaskManagement.Domain.csproj", "{7B158DC8-EC9A-47B3-98B5-8A820F33A2ED}"
EndProject
Project("{FAE04EC0-301F-11D3-BF4B-00C04F79EFBC}") = "SecretaryTelegramAIBot.Modules.TaskManagement.Infrastructure", "Modules\TaskManagement\SecretaryTelegramAIBot.Modules.TaskManagement.Infrastructure\SecretaryTelegramAIBot.Modules.TaskManagement.Infrastructure.csproj", "{E3623772-4099-44F8-868B-74B32622B4CA}"
EndProject
Project("{FAE04EC0-301F-11D3-BF4B-00C04F79EFBC}") = "SecretaryTelegramAIBot.CrossCuttingConcern", "BuildingBlocks\SecretaryTelegramAIBot.CrossCuttingConcern\SecretaryTelegramAIBot.CrossCuttingConcern.csproj", "{23AD2E34-697F-436C-84FA-47067EAD63ED}"
EndProject
Global
	GlobalSection(SolutionConfigurationPlatforms) = preSolution
		Debug|Any CPU = Debug|Any CPU
		Debug|x64 = Debug|x64
		Debug|x86 = Debug|x86
		Release|Any CPU = Release|Any CPU
		Release|x64 = Release|x64
		Release|x86 = Release|x86
	EndGlobalSection
	GlobalSection(ProjectConfigurationPlatforms) = postSolution
		{457B101F-F0C4-40A5-A2A4-F7614C4B910C}.Debug|Any CPU.ActiveCfg = Debug|Any CPU
		{457B101F-F0C4-40A5-A2A4-F7614C4B910C}.Debug|Any CPU.Build.0 = Debug|Any CPU
		{457B101F-F0C4-40A5-A2A4-F7614C4B910C}.Debug|x64.ActiveCfg = Debug|Any CPU
		{457B101F-F0C4-40A5-A2A4-F7614C4B910C}.Debug|x64.Build.0 = Debug|Any CPU
		{457B101F-F0C4-40A5-A2A4-F7614C4B910C}.Debug|x86.ActiveCfg = Debug|Any CPU
		{457B101F-F0C4-40A5-A2A4-F7614C4B910C}.Debug|x86.Build.0 = Debug|Any CPU
		{457B101F-F0C4-40A5-A2A4-F7614C4B910C}.Release|Any CPU.ActiveCfg = Release|Any CPU
		{457B101F-F0C4-40A5-A2A4-F7614C4B910C}.Release|Any CPU.Build.0 = Release|Any CPU
		{457B101F-F0C4-40A5-A2A4-F7614C4B910C}.Release|x64.ActiveCfg = Release|Any CPU
		{457B101F-F0C4-40A5-A2A4-F7614C4B910C}.Release|x64.Build.0 = Release|Any CPU
		{457B101F-F0C4-40A5-A2A4-F7614C4B910C}.Release|x86.ActiveCfg = Release|Any CPU
		{457B101F-F0C4-40A5-A2A4-F7614C4B910C}.Release|x86.Build.0 = Release|Any CPU
		{5EC72E75-E681-426D-B010-F763DEDED63D}.Debug|Any CPU.ActiveCfg = Debug|Any CPU
		{5EC72E75-E681-426D-B010-F763DEDED63D}.Debug|Any CPU.Build.0 = Debug|Any CPU
		{5EC72E75-E681-426D-B010-F763DEDED63D}.Debug|x64.ActiveCfg = Debug|Any CPU
		{5EC72E75-E681-426D-B010-F763DEDED63D}.Debug|x64.Build.0 = Debug|Any CPU
		{5EC72E75-E681-426D-B010-F763DEDED63D}.Debug|x86.ActiveCfg = Debug|Any CPU
		{5EC72E75-E681-426D-B010-F763DEDED63D}.Debug|x86.Build.0 = Debug|Any CPU
		{5EC72E75-E681-426D-B010-F763DEDED63D}.Release|Any CPU.ActiveCfg = Release|Any CPU
		{5EC72E75-E681-426D-B010-F763DEDED63D}.Release|Any CPU.Build.0 = Release|Any CPU
		{5EC72E75-E681-426D-B010-F763DEDED63D}.Release|x64.ActiveCfg = Release|Any CPU
		{5EC72E75-E681-426D-B010-F763DEDED63D}.Release|x64.Build.0 = Release|Any CPU
		{5EC72E75-E681-426D-B010-F763DEDED63D}.Release|x86.ActiveCfg = Release|Any CPU
		{5EC72E75-E681-426D-B010-F763DEDED63D}.Release|x86.Build.0 = Release|Any CPU
		{50D89C43-62EC-4079-ACF9-80257F95E6D9}.Debug|Any CPU.ActiveCfg = Debug|Any CPU
		{50D89C43-62EC-4079-ACF9-80257F95E6D9}.Debug|Any CPU.Build.0 = Debug|Any CPU
		{50D89C43-62EC-4079-ACF9-80257F95E6D9}.Debug|x64.ActiveCfg = Debug|Any CPU
		{50D89C43-62EC-4079-ACF9-80257F95E6D9}.Debug|x64.Build.0 = Debug|Any CPU
		{50D89C43-62EC-4079-ACF9-80257F95E6D9}.Debug|x86.ActiveCfg = Debug|Any CPU
		{50D89C43-62EC-4079-ACF9-80257F95E6D9}.Debug|x86.Build.0 = Debug|Any CPU
		{50D89C43-62EC-4079-ACF9-80257F95E6D9}.Release|Any CPU.ActiveCfg = Release|Any CPU
		{50D89C43-62EC-4079-ACF9-80257F95E6D9}.Release|Any CPU.Build.0 = Release|Any CPU
		{50D89C43-62EC-4079-ACF9-80257F95E6D9}.Release|x64.ActiveCfg = Release|Any CPU
		{50D89C43-62EC-4079-ACF9-80257F95E6D9}.Release|x64.Build.0 = Release|Any CPU
		{50D89C43-62EC-4079-ACF9-80257F95E6D9}.Release|x86.ActiveCfg = Release|Any CPU
		{50D89C43-62EC-4079-ACF9-80257F95E6D9}.Release|x86.Build.0 = Release|Any CPU
		{65058A80-925F-430E-A246-46D672401A9A}.Debug|Any CPU.ActiveCfg = Debug|Any CPU
		{65058A80-925F-430E-A246-46D672401A9A}.Debug|Any CPU.Build.0 = Debug|Any CPU
		{65058A80-925F-430E-A246-46D672401A9A}.Debug|x64.ActiveCfg = Debug|Any CPU
		{65058A80-925F-430E-A246-46D672401A9A}.Debug|x64.Build.0 = Debug|Any CPU
		{65058A80-925F-430E-A246-46D672401A9A}.Debug|x86.ActiveCfg = Debug|Any CPU
		{65058A80-925F-430E-A246-46D672401A9A}.Debug|x86.Build.0 = Debug|Any CPU
		{65058A80-925F-430E-A246-46D672401A9A}.Release|Any CPU.ActiveCfg = Release|Any CPU
		{65058A80-925F-430E-A246-46D672401A9A}.Release|Any CPU.Build.0 = Release|Any CPU
		{65058A80-925F-430E-A246-46D672401A9A}.Release|x64.ActiveCfg = Release|Any CPU
		{65058A80-925F-430E-A246-46D672401A9A}.Release|x64.Build.0 = Release|Any CPU
		{65058A80-925F-430E-A246-46D672401A9A}.Release|x86.ActiveCfg = Release|Any CPU
		{65058A80-925F-430E-A246-46D672401A9A}.Release|x86.Build.0 = Release|Any CPU
		{F0726D55-4AC9-44EA-9156-D645D541BF8F}.Debug|Any CPU.ActiveCfg = Debug|Any CPU
		{F0726D55-4AC9-44EA-9156-D645D541BF8F}.Debug|Any CPU.Build.0 = Debug|Any CPU
		{F0726D55-4AC9-44EA-9156-D645D541BF8F}.Debug|x64.ActiveCfg = Debug|Any CPU
		{F0726D55-4AC9-44EA-9156-D645D541BF8F}.Debug|x64.Build.0 = Debug|Any CPU
		{F0726D55-4AC9-44EA-9156-D645D541BF8F}.Debug|x86.ActiveCfg = Debug|Any CPU
		{F0726D55-4AC9-44EA-9156-D645D541BF8F}.Debug|x86.Build.0 = Debug|Any CPU
		{F0726D55-4AC9-44EA-9156-D645D541BF8F}.Release|Any CPU.ActiveCfg = Release|Any CPU
		{F0726D55-4AC9-44EA-9156-D645D541BF8F}.Release|Any CPU.Build.0 = Release|Any CPU
		{F0726D55-4AC9-44EA-9156-D645D541BF8F}.Release|x64.ActiveCfg = Release|Any CPU
		{F0726D55-4AC9-44EA-9156-D645D541BF8F}.Release|x64.Build.0 = Release|Any CPU
		{F0726D55-4AC9-44EA-9156-D645D541BF8F}.Release|x86.ActiveCfg = Release|Any CPU
		{F0726D55-4AC9-44EA-9156-D645D541BF8F}.Release|x86.Build.0 = Release|Any CPU
		{7D70E044-BE40-4CA7-95A6-A8B678753342}.Debug|Any CPU.ActiveCfg = Debug|Any CPU
		{7D70E044-BE40-4CA7-95A6-A8B678753342}.Debug|Any CPU.Build.0 = Debug|Any CPU
		{7D70E044-BE40-4CA7-95A6-A8B678753342}.Debug|x64.ActiveCfg = Debug|Any CPU
		{7D70E044-BE40-4CA7-95A6-A8B678753342}.Debug|x64.Build.0 = Debug|Any CPU
		{7D70E044-BE40-4CA7-95A6-A8B678753342}.Debug|x86.ActiveCfg = Debug|Any CPU
		{7D70E044-BE40-4CA7-95A6-A8B678753342}.Debug|x86.Build.0 = Debug|Any CPU
		{7D70E044-BE40-4CA7-95A6-A8B678753342}.Release|Any CPU.ActiveCfg = Release|Any CPU
		{7D70E044-BE40-4CA7-95A6-A8B678753342}.Release|Any CPU.Build.0 = Release|Any CPU
		{7D70E044-BE40-4CA7-95A6-A8B678753342}.Release|x64.ActiveCfg = Release|Any CPU
		{7D70E044-BE40-4CA7-95A6-A8B678753342}.Release|x64.Build.0 = Release|Any CPU
		{7D70E044-BE40-4CA7-95A6-A8B678753342}.Release|x86.ActiveCfg = Release|Any CPU
		{7D70E044-BE40-4CA7-95A6-A8B678753342}.Release|x86.Build.0 = Release|Any CPU
		{CCA5441D-8CB8-43C1-9176-1F7C910086CD}.Debug|Any CPU.ActiveCfg = Debug|Any CPU
		{CCA5441D-8CB8-43C1-9176-1F7C910086CD}.Debug|Any CPU.Build.0 = Debug|Any CPU
		{CCA5441D-8CB8-43C1-9176-1F7C910086CD}.Debug|x64.ActiveCfg = Debug|Any CPU
		{CCA5441D-8CB8-43C1-9176-1F7C910086CD}.Debug|x64.Build.0 = Debug|Any CPU
		{CCA5441D-8CB8-43C1-9176-1F7C910086CD}.Debug|x86.ActiveCfg = Debug|Any CPU
		{CCA5441D-8CB8-43C1-9176-1F7C910086CD}.Debug|x86.Build.0 = Debug|Any CPU
		{CCA5441D-8CB8-43C1-9176-1F7C910086CD}.Release|Any CPU.ActiveCfg = Release|Any CPU
		{CCA5441D-8CB8-43C1-9176-1F7C910086CD}.Release|Any CPU.Build.0 = Release|Any CPU
		{CCA5441D-8CB8-43C1-9176-1F7C910086CD}.Release|x64.ActiveCfg = Release|Any CPU
		{CCA5441D-8CB8-43C1-9176-1F7C910086CD}.Release|x64.Build.0 = Release|Any CPU
		{CCA5441D-8CB8-43C1-9176-1F7C910086CD}.Release|x86.ActiveCfg = Release|Any CPU
		{CCA5441D-8CB8-43C1-9176-1F7C910086CD}.Release|x86.Build.0 = Release|Any CPU
		{7B158DC8-EC9A-47B3-98B5-8A820F33A2ED}.Debug|Any CPU.ActiveCfg = Debug|Any CPU
		{7B158DC8-EC9A-47B3-98B5-8A820F33A2ED}.Debug|Any CPU.Build.0 = Debug|Any CPU
		{7B158DC8-EC9A-47B3-98B5-8A820F33A2ED}.Debug|x64.ActiveCfg = Debug|Any CPU
		{7B158DC8-EC9A-47B3-98B5-8A820F33A2ED}.Debug|x64.Build.0 = Debug|Any CPU
		{7B158DC8-EC9A-47B3-98B5-8A820F33A2ED}.Debug|x86.ActiveCfg = Debug|Any CPU
		{7B158DC8-EC9A-47B3-98B5-8A820F33A2ED}.Debug|x86.Build.0 = Debug|Any CPU
		{7B158DC8-EC9A-47B3-98B5-8A820F33A2ED}.Release|Any CPU.ActiveCfg = Release|Any CPU
		{7B158DC8-EC9A-47B3-98B5-8A820F33A2ED}.Release|Any CPU.Build.0 = Release|Any CPU
		{7B158DC8-EC9A-47B3-98B5-8A820F33A2ED}.Release|x64.ActiveCfg = Release|Any CPU
		{7B158DC8-EC9A-47B3-98B5-8A820F33A2ED}.Release|x64.Build.0 = Release|Any CPU
		{7B158DC8-EC9A-47B3-98B5-8A820F33A2ED}.Release|x86.ActiveCfg = Release|Any CPU
		{7B158DC8-EC9A-47B3-98B5-8A820F33A2ED}.Release|x86.Build.0 = Release|Any CPU
		{E3623772-4099-44F8-868B-74B32622B4CA}.Debug|Any CPU.ActiveCfg = Debug|Any CPU
		{E3623772-4099-44F8-868B-74B32622B4CA}.Debug|Any CPU.Build.0 = Debug|Any CPU
		{E3623772-4099-44F8-868B-74B32622B4CA}.Debug|x64.ActiveCfg = Debug|Any CPU
		{E3623772-4099-44F8-868B-74B32622B4CA}.Debug|x64.Build.0 = Debug|Any CPU
		{E3623772-4099-44F8-868B-74B32622B4CA}.Debug|x86.ActiveCfg = Debug|Any CPU
		{E3623772-4099-44F8-868B-74B32622B4CA}.Debug|x86.Build.0 = Debug|Any CPU
		{E3623772-4099-44F8-868B-74B32622B4CA}.Release|Any CPU.ActiveCfg = Release|Any CPU
		{E3623772-4099-44F8-868B-74B32622B4CA}.Release|Any CPU.Build.0 = Release|Any CPU
		{E3623772-4099-44F8-868B-74B32622B4CA}.Release|x64.ActiveCfg = Release|Any CPU
		{E3623772-4099-44F8-868B-74B32622B4CA}.Release|x64.Build.0 = Release|Any CPU
		{E3623772-4099-44F8-868B-74B32622B4CA}.Release|x86.ActiveCfg = Release|Any CPU
		{E3623772-4099-44F8-868B-74B32622B4CA}.Release|x86.Build.0 = Release|Any CPU
		{23AD2E34-697F-436C-84FA-47067EAD63ED}.Debug|Any CPU.ActiveCfg = Debug|Any CPU
		{23AD2E34-697F-436C-84FA-47067EAD63ED}.Debug|Any CPU.Build.0 = Debug|Any CPU
		{23AD2E34-697F-436C-84FA-47067EAD63ED}.Debug|x64.ActiveCfg = Debug|Any CPU
		{23AD2E34-697F-436C-84FA-47067EAD63ED}.Debug|x64.Build.0 = Debug|Any CPU
		{23AD2E34-697F-436C-84FA-47067EAD63ED}.Debug|x86.ActiveCfg = Debug|Any CPU
		{23AD2E34-697F-436C-84FA-47067EAD63ED}.Debug|x86.Build.0 = Debug|Any CPU
		{23AD2E34-697F-436C-84FA-47067EAD63ED}.Release|Any CPU.ActiveCfg = Release|Any CPU
		{23AD2E34-697F-436C-84FA-47067EAD63ED}.Release|Any CPU.Build.0 = Release|Any CPU
		{23AD2E34-697F-436C-84FA-47067EAD63ED}.Release|x64.ActiveCfg = Release|Any CPU
		{23AD2E34-697F-436C-84FA-47067EAD63ED}.Release|x64.Build.0 = Release|Any CPU
		{23AD2E34-697F-436C-84FA-47067EAD63ED}.Release|x86.ActiveCfg = Release|Any CPU
		{23AD2E34-697F-436C-84FA-47067EAD63ED}.Release|x86.Build.0 = Release|Any CPU
	EndGlobalSection
	GlobalSection(SolutionProperties) = preSolution
		HideSolutionNode = FALSE
	EndGlobalSection
	GlobalSection(NestedProjects) = preSolution
		{457B101F-F0C4-40A5-A2A4-F7614C4B910C} = {90ACAEE7-07D7-4A8F-8AB6-BF140133A483}
		{5EC72E75-E681-426D-B010-F763DEDED63D} = {90ACAEE7-07D7-4A8F-8AB6-BF140133A483}
		{50D89C43-62EC-4079-ACF9-80257F95E6D9} = {90ACAEE7-07D7-4A8F-8AB6-BF140133A483}
		{65058A80-925F-430E-A246-46D672401A9A} = {E6F1641D-4FAA-4BBC-B416-C9155D432E07}
		{F0726D55-4AC9-44EA-9156-D645D541BF8F} = {E6F1641D-4FAA-4BBC-B416-C9155D432E07}
		{7D70E044-BE40-4CA7-95A6-A8B678753342} = {C8739ACD-7679-44D9-912B-CCEB6770CBA2}
		{45B7AE42-C8D5-4D85-9B11-6FAFB8F14542} = {86F71CBF-EA7B-4E04-933C-4D8F560CB69C}
		{CCA5441D-8CB8-43C1-9176-1F7C910086CD} = {45B7AE42-C8D5-4D85-9B11-6FAFB8F14542}
		{7B158DC8-EC9A-47B3-98B5-8A820F33A2ED} = {45B7AE42-C8D5-4D85-9B11-6FAFB8F14542}
		{E3623772-4099-44F8-868B-74B32622B4CA} = {45B7AE42-C8D5-4D85-9B11-6FAFB8F14542}
		{23AD2E34-697F-436C-84FA-47067EAD63ED} = {90ACAEE7-07D7-4A8F-8AB6-BF140133A483}
	EndGlobalSection
EndGlobal
